
Microsoft Visual Studio Solution File, Format Version 12.00
# Visual Studio Version 16
VisualStudioVersion = 16.0.29613.14
MinimumVisualStudioVersion = 10.0.40219.1
Project("{9A19103F-16F7-4668-BE54-9A1E7A4F7556}") = "TcpMonitor.Wpf", "TcpMonitor.Wpf\TcpMonitor.Wpf.csproj", "{E387D901-ED2B-4E21-ADC7-3D3CB899860A}"
EndProject
Project("{2150E333-8FDC-42A3-9474-1A3956D46DE8}") = "00 Solution Items", "00 Solution Items", "{B55B0962-C6E8-4D82-896F-41118FCBF0CF}"
	ProjectSection(SolutionItems) = preProject
		Jenkinsfile = Jenkinsfile
		README.md = README.md
		TcpMonitor.sln.DotSettings = TcpMonitor.sln.DotSettings
	EndProjectSection
EndProject
Project("{2150E333-8FDC-42A3-9474-1A3956D46DE8}") = "10 Presentation", "10 Presentation", "{CEFA0970-21ED-4802-BC1E-270CD8B2095B}"
EndProject
Project("{2150E333-8FDC-42A3-9474-1A3956D46DE8}") = "20 Domain", "20 Domain", "{431FDAD5-66D4-45F1-A9F3-42A27D82AAD8}"
EndProject
Project("{2150E333-8FDC-42A3-9474-1A3956D46DE8}") = "30 Repository", "30 Repository", "{2A22484F-1472-4614-9D43-790BCE917DE6}"
EndProject
Project("{9A19103F-16F7-4668-BE54-9A1E7A4F7556}") = "TcpMonitor.Domain", "TcpMonitor.Domain\TcpMonitor.Domain.csproj", "{F211FDF1-F515-4ECE-8B13-F9E0EC1EFA99}"
EndProject
Project("{9A19103F-16F7-4668-BE54-9A1E7A4F7556}") = "TcpMonitor.Repository", "TcpMonitor.Repository\TcpMonitor.Repository.csproj", "{22493A0F-00BD-40F0-8FF0-E8E94FFC556B}"
EndProject
Project("{9A19103F-16F7-4668-BE54-9A1E7A4F7556}") = "TcpMonitor.Repository.IpService", "TcpMonitor.Repository.IpService\TcpMonitor.Repository.IpService.csproj", "{A794103F-F3E6-49E6-8035-AAA77E5E3D3D}"
EndProject
Project("{54435603-DBB4-11D2-8724-00A0C9A8B90C}") = "TcpMonitor.Installer", "TcpMonitor.Installer\TcpMonitor.Installer.vdproj", "{3BBFB9C6-44E7-4A51-8655-08096F95E1DB}"
EndProject
Global
	GlobalSection(SolutionConfigurationPlatforms) = preSolution
		Debug|Any CPU = Debug|Any CPU
		Release|Any CPU = Release|Any CPU
	EndGlobalSection
	GlobalSection(ProjectConfigurationPlatforms) = postSolution
		{E387D901-ED2B-4E21-ADC7-3D3CB899860A}.Debug|Any CPU.ActiveCfg = Debug|Any CPU
		{E387D901-ED2B-4E21-ADC7-3D3CB899860A}.Debug|Any CPU.Build.0 = Debug|Any CPU
		{E387D901-ED2B-4E21-ADC7-3D3CB899860A}.Release|Any CPU.ActiveCfg = Release|Any CPU
		{E387D901-ED2B-4E21-ADC7-3D3CB899860A}.Release|Any CPU.Build.0 = Release|Any CPU
		{F211FDF1-F515-4ECE-8B13-F9E0EC1EFA99}.Debug|Any CPU.ActiveCfg = Debug|Any CPU
		{F211FDF1-F515-4ECE-8B13-F9E0EC1EFA99}.Debug|Any CPU.Build.0 = Debug|Any CPU
		{F211FDF1-F515-4ECE-8B13-F9E0EC1EFA99}.Release|Any CPU.ActiveCfg = Release|Any CPU
		{F211FDF1-F515-4ECE-8B13-F9E0EC1EFA99}.Release|Any CPU.Build.0 = Release|Any CPU
		{22493A0F-00BD-40F0-8FF0-E8E94FFC556B}.Debug|Any CPU.ActiveCfg = Debug|Any CPU
		{22493A0F-00BD-40F0-8FF0-E8E94FFC556B}.Debug|Any CPU.Build.0 = Debug|Any CPU
		{22493A0F-00BD-40F0-8FF0-E8E94FFC556B}.Release|Any CPU.ActiveCfg = Release|Any CPU
		{22493A0F-00BD-40F0-8FF0-E8E94FFC556B}.Release|Any CPU.Build.0 = Release|Any CPU
		{A794103F-F3E6-49E6-8035-AAA77E5E3D3D}.Debug|Any CPU.ActiveCfg = Debug|Any CPU
		{A794103F-F3E6-49E6-8035-AAA77E5E3D3D}.Debug|Any CPU.Build.0 = Debug|Any CPU
		{A794103F-F3E6-49E6-8035-AAA77E5E3D3D}.Release|Any CPU.ActiveCfg = Release|Any CPU
		{A794103F-F3E6-49E6-8035-AAA77E5E3D3D}.Release|Any CPU.Build.0 = Release|Any CPU
		{3BBFB9C6-44E7-4A51-8655-08096F95E1DB}.Debug|Any CPU.ActiveCfg = Debug
		{3BBFB9C6-44E7-4A51-8655-08096F95E1DB}.Release|Any CPU.ActiveCfg = Release
		{3BBFB9C6-44E7-4A51-8655-08096F95E1DB}.Release|Any CPU.Build.0 = Release
	EndGlobalSection
	GlobalSection(SolutionProperties) = preSolution
		HideSolutionNode = FALSE
	EndGlobalSection
	GlobalSection(NestedProjects) = preSolution
		{E387D901-ED2B-4E21-ADC7-3D3CB899860A} = {CEFA0970-21ED-4802-BC1E-270CD8B2095B}
		{F211FDF1-F515-4ECE-8B13-F9E0EC1EFA99} = {431FDAD5-66D4-45F1-A9F3-42A27D82AAD8}
		{22493A0F-00BD-40F0-8FF0-E8E94FFC556B} = {2A22484F-1472-4614-9D43-790BCE917DE6}
		{A794103F-F3E6-49E6-8035-AAA77E5E3D3D} = {2A22484F-1472-4614-9D43-790BCE917DE6}
		{3BBFB9C6-44E7-4A51-8655-08096F95E1DB} = {B55B0962-C6E8-4D82-896F-41118FCBF0CF}
	EndGlobalSection
	GlobalSection(ExtensibilityGlobals) = postSolution
		SolutionGuid = {DB3F0C96-96C2-4C63-873A-3792FCFA610F}
	EndGlobalSection
EndGlobal
